// !$*UTF8*$!
{
	archiveVersion = 1;
	classes = {
	};
	objectVersion = 55;
	objects = {

/* Begin PBXBuildFile section */
		800130AB297DAC5B00428B45 /* house.riv in Resources */ = {isa = PBXBuildFile; fileRef = 800130A4297DAC5B00428B45 /* house.riv */; };
		800130AC297DAC5B00428B45 /* confetti.riv in Resources */ = {isa = PBXBuildFile; fileRef = 800130A5297DAC5B00428B45 /* confetti.riv */; };
		800130AD297DAC5B00428B45 /* check.riv in Resources */ = {isa = PBXBuildFile; fileRef = 800130A6297DAC5B00428B45 /* check.riv */; };
		800130AE297DAC5B00428B45 /* menu_button.riv in Resources */ = {isa = PBXBuildFile; fileRef = 800130A7297DAC5B00428B45 /* menu_button.riv */; };
		800130AF297DAC5B00428B45 /* shapes.riv in Resources */ = {isa = PBXBuildFile; fileRef = 800130A8297DAC5B00428B45 /* shapes.riv */; };
		800130B0297DAC5B00428B45 /* button.riv in Resources */ = {isa = PBXBuildFile; fileRef = 800130A9297DAC5B00428B45 /* button.riv */; };
		800130B1297DAC5B00428B45 /* icons.riv in Resources */ = {isa = PBXBuildFile; fileRef = 800130AA297DAC5B00428B45 /* icons.riv */; };
		800130B3297DAD8100428B45 /* onBoarding.swift in Sources */ = {isa = PBXBuildFile; fileRef = 800130B2297DAD8100428B45 /* onBoarding.swift */; };
		800130B6297DAFF500428B45 /* RiveRuntime in Frameworks */ = {isa = PBXBuildFile; productRef = 800130B5297DAFF500428B45 /* RiveRuntime */; };
		800986E929782FFA00C82062 /* MainRootNavigationView.swift in Sources */ = {isa = PBXBuildFile; fileRef = 800986E829782FFA00C82062 /* MainRootNavigationView.swift */; };
		800986EB2978608600C82062 /* CodeDesign.swift in Sources */ = {isa = PBXBuildFile; fileRef = 800986EA2978608600C82062 /* CodeDesign.swift */; };
		800A73BB284D5153000F55AA /* TestAppiOSApp.swift in Sources */ = {isa = PBXBuildFile; fileRef = 800A73BA284D5153000F55AA /* TestAppiOSApp.swift */; };
		800A73BD284D5153000F55AA /* ContentView.swift in Sources */ = {isa = PBXBuildFile; fileRef = 800A73BC284D5153000F55AA /* ContentView.swift */; };
		800A73BF284D5155000F55AA /* Assets.xcassets in Resources */ = {isa = PBXBuildFile; fileRef = 800A73BE284D5155000F55AA /* Assets.xcassets */; };
		800A73C2284D5155000F55AA /* Preview Assets.xcassets in Resources */ = {isa = PBXBuildFile; fileRef = 800A73C1284D5155000F55AA /* Preview Assets.xcassets */; };
		800A73CC284D5155000F55AA /* TestAppiOSTests.swift in Sources */ = {isa = PBXBuildFile; fileRef = 800A73CB284D5155000F55AA /* TestAppiOSTests.swift */; };
		800A73D6284D5155000F55AA /* TestAppiOSUITests.swift in Sources */ = {isa = PBXBuildFile; fileRef = 800A73D5284D5155000F55AA /* TestAppiOSUITests.swift */; };
		800A73D8284D5155000F55AA /* TestAppiOSUITestsLaunchTests.swift in Sources */ = {isa = PBXBuildFile; fileRef = 800A73D7284D5155000F55AA /* TestAppiOSUITestsLaunchTests.swift */; };
		801416CC295F814A001D1906 /* Storyboard.storyboard in Resources */ = {isa = PBXBuildFile; fileRef = 801416CB295F814A001D1906 /* Storyboard.storyboard */; };
		801416E92960B2B1001D1906 /* NavigationItemForDynamicList.swift in Sources */ = {isa = PBXBuildFile; fileRef = 801416E82960B2B1001D1906 /* NavigationItemForDynamicList.swift */; };
		80A14DFF297F04A200FBCD31 /* Inter-Regular.ttf in Resources */ = {isa = PBXBuildFile; fileRef = 80A14DFC297F04A200FBCD31 /* Inter-Regular.ttf */; };
		80A14E00297F04A200FBCD31 /* Poppins-Bold.ttf in Resources */ = {isa = PBXBuildFile; fileRef = 80A14DFD297F04A200FBCD31 /* Poppins-Bold.ttf */; };
		80A14E01297F04A200FBCD31 /* Inter-SemiBold.ttf in Resources */ = {isa = PBXBuildFile; fileRef = 80A14DFE297F04A200FBCD31 /* Inter-SemiBold.ttf */; };
		80A14E04297F078A00FBCD31 /* CustomFont.swift in Sources */ = {isa = PBXBuildFile; fileRef = 80A14E03297F078A00FBCD31 /* CustomFont.swift */; };
		80A14E06297F0DC800FBCD31 /* SignInView.swift in Sources */ = {isa = PBXBuildFile; fileRef = 80A14E05297F0DC800FBCD31 /* SignInView.swift */; };
		80A14E08297F13FA00FBCD31 /* CustomTextField.swift in Sources */ = {isa = PBXBuildFile; fileRef = 80A14E07297F13FA00FBCD31 /* CustomTextField.swift */; };
		80F1B092297AA3A600E19297 /* NavigationStackView.swift in Sources */ = {isa = PBXBuildFile; fileRef = 80F1B091297AA3A600E19297 /* NavigationStackView.swift */; };
		80F1B094297AD8B300E19297 /* MessageView.swift in Sources */ = {isa = PBXBuildFile; fileRef = 80F1B093297AD8B300E19297 /* MessageView.swift */; };
		80F1B096297ADBEC00E19297 /* MenuView.swift in Sources */ = {isa = PBXBuildFile; fileRef = 80F1B095297ADBEC00E19297 /* MenuView.swift */; };
/* End PBXBuildFile section */

/* Begin PBXContainerItemProxy section */
		800A73C8284D5155000F55AA /* PBXContainerItemProxy */ = {
			isa = PBXContainerItemProxy;
			containerPortal = 800A73AF284D5153000F55AA /* Project object */;
			proxyType = 1;
			remoteGlobalIDString = 800A73B6284D5153000F55AA;
			remoteInfo = TestAppiOS;
		};
		800A73D2284D5155000F55AA /* PBXContainerItemProxy */ = {
			isa = PBXContainerItemProxy;
			containerPortal = 800A73AF284D5153000F55AA /* Project object */;
			proxyType = 1;
			remoteGlobalIDString = 800A73B6284D5153000F55AA;
			remoteInfo = TestAppiOS;
		};
/* End PBXContainerItemProxy section */

/* Begin PBXFileReference section */
		800130A4297DAC5B00428B45 /* house.riv */ = {isa = PBXFileReference; lastKnownFileType = file; path = house.riv; sourceTree = "<group>"; };
		800130A5297DAC5B00428B45 /* confetti.riv */ = {isa = PBXFileReference; lastKnownFileType = file; path = confetti.riv; sourceTree = "<group>"; };
		800130A6297DAC5B00428B45 /* check.riv */ = {isa = PBXFileReference; lastKnownFileType = file; path = check.riv; sourceTree = "<group>"; };
		800130A7297DAC5B00428B45 /* menu_button.riv */ = {isa = PBXFileReference; lastKnownFileType = file; path = menu_button.riv; sourceTree = "<group>"; };
		800130A8297DAC5B00428B45 /* shapes.riv */ = {isa = PBXFileReference; lastKnownFileType = file; path = shapes.riv; sourceTree = "<group>"; };
		800130A9297DAC5B00428B45 /* button.riv */ = {isa = PBXFileReference; lastKnownFileType = file; path = button.riv; sourceTree = "<group>"; };
		800130AA297DAC5B00428B45 /* icons.riv */ = {isa = PBXFileReference; lastKnownFileType = file; path = icons.riv; sourceTree = "<group>"; };
		800130B2297DAD8100428B45 /* onBoarding.swift */ = {isa = PBXFileReference; lastKnownFileType = sourcecode.swift; path = onBoarding.swift; sourceTree = "<group>"; };
		800986E829782FFA00C82062 /* MainRootNavigationView.swift */ = {isa = PBXFileReference; lastKnownFileType = sourcecode.swift; path = MainRootNavigationView.swift; sourceTree = "<group>"; };
		800986EA2978608600C82062 /* CodeDesign.swift */ = {isa = PBXFileReference; lastKnownFileType = sourcecode.swift; path = CodeDesign.swift; sourceTree = "<group>"; };
		800A73B7284D5153000F55AA /* TestAppiOS.app */ = {isa = PBXFileReference; explicitFileType = wrapper.application; includeInIndex = 0; path = TestAppiOS.app; sourceTree = BUILT_PRODUCTS_DIR; };
		800A73BA284D5153000F55AA /* TestAppiOSApp.swift */ = {isa = PBXFileReference; lastKnownFileType = sourcecode.swift; path = TestAppiOSApp.swift; sourceTree = "<group>"; };
		800A73BC284D5153000F55AA /* ContentView.swift */ = {isa = PBXFileReference; lastKnownFileType = sourcecode.swift; path = ContentView.swift; sourceTree = "<group>"; };
		800A73BE284D5155000F55AA /* Assets.xcassets */ = {isa = PBXFileReference; lastKnownFileType = folder.assetcatalog; path = Assets.xcassets; sourceTree = "<group>"; };
		800A73C1284D5155000F55AA /* Preview Assets.xcassets */ = {isa = PBXFileReference; lastKnownFileType = folder.assetcatalog; path = "Preview Assets.xcassets"; sourceTree = "<group>"; };
		800A73C7284D5155000F55AA /* TestAppiOSTests.xctest */ = {isa = PBXFileReference; explicitFileType = wrapper.cfbundle; includeInIndex = 0; path = TestAppiOSTests.xctest; sourceTree = BUILT_PRODUCTS_DIR; };
		800A73CB284D5155000F55AA /* TestAppiOSTests.swift */ = {isa = PBXFileReference; lastKnownFileType = sourcecode.swift; path = TestAppiOSTests.swift; sourceTree = "<group>"; };
		800A73D1284D5155000F55AA /* TestAppiOSUITests.xctest */ = {isa = PBXFileReference; explicitFileType = wrapper.cfbundle; includeInIndex = 0; path = TestAppiOSUITests.xctest; sourceTree = BUILT_PRODUCTS_DIR; };
		800A73D5284D5155000F55AA /* TestAppiOSUITests.swift */ = {isa = PBXFileReference; lastKnownFileType = sourcecode.swift; path = TestAppiOSUITests.swift; sourceTree = "<group>"; };
		800A73D7284D5155000F55AA /* TestAppiOSUITestsLaunchTests.swift */ = {isa = PBXFileReference; lastKnownFileType = sourcecode.swift; path = TestAppiOSUITestsLaunchTests.swift; sourceTree = "<group>"; };
		801416CB295F814A001D1906 /* Storyboard.storyboard */ = {isa = PBXFileReference; lastKnownFileType = file.storyboard; path = Storyboard.storyboard; sourceTree = "<group>"; };
		801416E82960B2B1001D1906 /* NavigationItemForDynamicList.swift */ = {isa = PBXFileReference; lastKnownFileType = sourcecode.swift; path = NavigationItemForDynamicList.swift; sourceTree = "<group>"; };
		80A14DFC297F04A200FBCD31 /* Inter-Regular.ttf */ = {isa = PBXFileReference; lastKnownFileType = file; path = "Inter-Regular.ttf"; sourceTree = "<group>"; };
		80A14DFD297F04A200FBCD31 /* Poppins-Bold.ttf */ = {isa = PBXFileReference; lastKnownFileType = file; path = "Poppins-Bold.ttf"; sourceTree = "<group>"; };
		80A14DFE297F04A200FBCD31 /* Inter-SemiBold.ttf */ = {isa = PBXFileReference; lastKnownFileType = file; path = "Inter-SemiBold.ttf"; sourceTree = "<group>"; };
		80A14E02297F059500FBCD31 /* Info.plist */ = {isa = PBXFileReference; lastKnownFileType = text.plist; path = Info.plist; sourceTree = "<group>"; };
		80A14E03297F078A00FBCD31 /* CustomFont.swift */ = {isa = PBXFileReference; lastKnownFileType = sourcecode.swift; path = CustomFont.swift; sourceTree = "<group>"; };
		80A14E05297F0DC800FBCD31 /* SignInView.swift */ = {isa = PBXFileReference; lastKnownFileType = sourcecode.swift; path = SignInView.swift; sourceTree = "<group>"; };
		80A14E07297F13FA00FBCD31 /* CustomTextField.swift */ = {isa = PBXFileReference; lastKnownFileType = sourcecode.swift; path = CustomTextField.swift; sourceTree = "<group>"; };
		80F1B091297AA3A600E19297 /* NavigationStackView.swift */ = {isa = PBXFileReference; lastKnownFileType = sourcecode.swift; path = NavigationStackView.swift; sourceTree = "<group>"; };
		80F1B093297AD8B300E19297 /* MessageView.swift */ = {isa = PBXFileReference; lastKnownFileType = sourcecode.swift; path = MessageView.swift; sourceTree = "<group>"; };
		80F1B095297ADBEC00E19297 /* MenuView.swift */ = {isa = PBXFileReference; lastKnownFileType = sourcecode.swift; path = MenuView.swift; sourceTree = "<group>"; };
/* End PBXFileReference section */

/* Begin PBXFrameworksBuildPhase section */
		800A73B4284D5153000F55AA /* Frameworks */ = {
			isa = PBXFrameworksBuildPhase;
			buildActionMask = 2147483647;
			files = (
				800130B6297DAFF500428B45 /* RiveRuntime in Frameworks */,
			);
			runOnlyForDeploymentPostprocessing = 0;
		};
		800A73C4284D5155000F55AA /* Frameworks */ = {
			isa = PBXFrameworksBuildPhase;
			buildActionMask = 2147483647;
			files = (
			);
			runOnlyForDeploymentPostprocessing = 0;
		};
		800A73CE284D5155000F55AA /* Frameworks */ = {
			isa = PBXFrameworksBuildPhase;
			buildActionMask = 2147483647;
			files = (
			);
			runOnlyForDeploymentPostprocessing = 0;
		};
/* End PBXFrameworksBuildPhase section */

/* Begin PBXGroup section */
		800130A3297DAC5B00428B45 /* RiveAssets */ = {
			isa = PBXGroup;
			children = (
				800130A4297DAC5B00428B45 /* house.riv */,
				800130A5297DAC5B00428B45 /* confetti.riv */,
				800130A6297DAC5B00428B45 /* check.riv */,
				800130A7297DAC5B00428B45 /* menu_button.riv */,
				800130A8297DAC5B00428B45 /* shapes.riv */,
				800130A9297DAC5B00428B45 /* button.riv */,
				800130AA297DAC5B00428B45 /* icons.riv */,
			);
			path = RiveAssets;
			sourceTree = "<group>";
		};
		800A73AE284D5153000F55AA = {
			isa = PBXGroup;
			children = (
				800A73B9284D5153000F55AA /* TestAppiOS */,
				800A73CA284D5155000F55AA /* TestAppiOSTests */,
				800A73D4284D5155000F55AA /* TestAppiOSUITests */,
				800A73B8284D5153000F55AA /* Products */,
			);
			sourceTree = "<group>";
		};
		800A73B8284D5153000F55AA /* Products */ = {
			isa = PBXGroup;
			children = (
				800A73B7284D5153000F55AA /* TestAppiOS.app */,
				800A73C7284D5155000F55AA /* TestAppiOSTests.xctest */,
				800A73D1284D5155000F55AA /* TestAppiOSUITests.xctest */,
			);
			name = Products;
			sourceTree = "<group>";
		};
		800A73B9284D5153000F55AA /* TestAppiOS */ = {
			isa = PBXGroup;
			children = (
				80A14E02297F059500FBCD31 /* Info.plist */,
				80A14DFB297F04A200FBCD31 /* Fonts */,
				800A73C0284D5155000F55AA /* Preview Content */,
				800130A3297DAC5B00428B45 /* RiveAssets */,
				800A73BE284D5155000F55AA /* Assets.xcassets */,
				801416CB295F814A001D1906 /* Storyboard.storyboard */,
				80A14E0A297F144900FBCD31 /* Custom */,
				80A14E05297F0DC800FBCD31 /* SignInView.swift */,
				800A73BA284D5153000F55AA /* TestAppiOSApp.swift */,
				800986EA2978608600C82062 /* CodeDesign.swift */,
				800A73BC284D5153000F55AA /* ContentView.swift */,
				80F1B091297AA3A600E19297 /* NavigationStackView.swift */,
				801416E82960B2B1001D1906 /* NavigationItemForDynamicList.swift */,
				800986E829782FFA00C82062 /* MainRootNavigationView.swift */,
				80F1B093297AD8B300E19297 /* MessageView.swift */,
				80F1B095297ADBEC00E19297 /* MenuView.swift */,
				800130B2297DAD8100428B45 /* onBoarding.swift */,
			);
			path = TestAppiOS;
			sourceTree = "<group>";
		};
		800A73C0284D5155000F55AA /* Preview Content */ = {
			isa = PBXGroup;
			children = (
				800A73C1284D5155000F55AA /* Preview Assets.xcassets */,
			);
			path = "Preview Content";
			sourceTree = "<group>";
		};
		800A73CA284D5155000F55AA /* TestAppiOSTests */ = {
			isa = PBXGroup;
			children = (
				800A73CB284D5155000F55AA /* TestAppiOSTests.swift */,
			);
			path = TestAppiOSTests;
			sourceTree = "<group>";
		};
		800A73D4284D5155000F55AA /* TestAppiOSUITests */ = {
			isa = PBXGroup;
			children = (
				800A73D5284D5155000F55AA /* TestAppiOSUITests.swift */,
				800A73D7284D5155000F55AA /* TestAppiOSUITestsLaunchTests.swift */,
			);
			path = TestAppiOSUITests;
			sourceTree = "<group>";
		};
		80A14DFB297F04A200FBCD31 /* Fonts */ = {
			isa = PBXGroup;
			children = (
				80A14DFC297F04A200FBCD31 /* Inter-Regular.ttf */,
				80A14DFD297F04A200FBCD31 /* Poppins-Bold.ttf */,
				80A14DFE297F04A200FBCD31 /* Inter-SemiBold.ttf */,
			);
			path = Fonts;
			sourceTree = "<group>";
		};
		80A14E0A297F144900FBCD31 /* Custom */ = {
			isa = PBXGroup;
			children = (
				80A14E07297F13FA00FBCD31 /* CustomTextField.swift */,
				80A14E03297F078A00FBCD31 /* CustomFont.swift */,
			);
			path = Custom;
			sourceTree = "<group>";
		};
/* End PBXGroup section */

/* Begin PBXNativeTarget section */
		800A73B6284D5153000F55AA /* TestAppiOS */ = {
			isa = PBXNativeTarget;
			buildConfigurationList = 800A73DB284D5155000F55AA /* Build configuration list for PBXNativeTarget "TestAppiOS" */;
			buildPhases = (
				800A73B3284D5153000F55AA /* Sources */,
				800A73B4284D5153000F55AA /* Frameworks */,
				800A73B5284D5153000F55AA /* Resources */,
			);
			buildRules = (
			);
			dependencies = (
			);
			name = TestAppiOS;
			packageProductDependencies = (
				800130B5297DAFF500428B45 /* RiveRuntime */,
			);
			productName = TestAppiOS;
			productReference = 800A73B7284D5153000F55AA /* TestAppiOS.app */;
			productType = "com.apple.product-type.application";
		};
		800A73C6284D5155000F55AA /* TestAppiOSTests */ = {
			isa = PBXNativeTarget;
			buildConfigurationList = 800A73DE284D5155000F55AA /* Build configuration list for PBXNativeTarget "TestAppiOSTests" */;
			buildPhases = (
				800A73C3284D5155000F55AA /* Sources */,
				800A73C4284D5155000F55AA /* Frameworks */,
				800A73C5284D5155000F55AA /* Resources */,
			);
			buildRules = (
			);
			dependencies = (
				800A73C9284D5155000F55AA /* PBXTargetDependency */,
			);
			name = TestAppiOSTests;
			productName = TestAppiOSTests;
			productReference = 800A73C7284D5155000F55AA /* TestAppiOSTests.xctest */;
			productType = "com.apple.product-type.bundle.unit-test";
		};
		800A73D0284D5155000F55AA /* TestAppiOSUITests */ = {
			isa = PBXNativeTarget;
			buildConfigurationList = 800A73E1284D5155000F55AA /* Build configuration list for PBXNativeTarget "TestAppiOSUITests" */;
			buildPhases = (
				800A73CD284D5155000F55AA /* Sources */,
				800A73CE284D5155000F55AA /* Frameworks */,
				800A73CF284D5155000F55AA /* Resources */,
			);
			buildRules = (
			);
			dependencies = (
				800A73D3284D5155000F55AA /* PBXTargetDependency */,
			);
			name = TestAppiOSUITests;
			productName = TestAppiOSUITests;
			productReference = 800A73D1284D5155000F55AA /* TestAppiOSUITests.xctest */;
			productType = "com.apple.product-type.bundle.ui-testing";
		};
/* End PBXNativeTarget section */

/* Begin PBXProject section */
		800A73AF284D5153000F55AA /* Project object */ = {
			isa = PBXProject;
			attributes = {
				BuildIndependentTargetsInParallel = 1;
				LastSwiftUpdateCheck = 1340;
				LastUpgradeCheck = 1340;
				TargetAttributes = {
					800A73B6284D5153000F55AA = {
						CreatedOnToolsVersion = 13.4.1;
					};
					800A73C6284D5155000F55AA = {
						CreatedOnToolsVersion = 13.4.1;
						TestTargetID = 800A73B6284D5153000F55AA;
					};
					800A73D0284D5155000F55AA = {
						CreatedOnToolsVersion = 13.4.1;
						TestTargetID = 800A73B6284D5153000F55AA;
					};
				};
			};
			buildConfigurationList = 800A73B2284D5153000F55AA /* Build configuration list for PBXProject "TestAppiOS" */;
			compatibilityVersion = "Xcode 13.0";
			developmentRegion = en;
			hasScannedForEncodings = 0;
			knownRegions = (
				en,
				Base,
			);
			mainGroup = 800A73AE284D5153000F55AA;
			packageReferences = (
				800130B4297DAFF500428B45 /* XCRemoteSwiftPackageReference "rive-ios" */,
			);
			productRefGroup = 800A73B8284D5153000F55AA /* Products */;
			projectDirPath = "";
			projectRoot = "";
			targets = (
				800A73B6284D5153000F55AA /* TestAppiOS */,
				800A73C6284D5155000F55AA /* TestAppiOSTests */,
				800A73D0284D5155000F55AA /* TestAppiOSUITests */,
			);
		};
/* End PBXProject section */

/* Begin PBXResourcesBuildPhase section */
		800A73B5284D5153000F55AA /* Resources */ = {
			isa = PBXResourcesBuildPhase;
			buildActionMask = 2147483647;
			files = (
				800130B1297DAC5B00428B45 /* icons.riv in Resources */,
				800130AD297DAC5B00428B45 /* check.riv in Resources */,
				800130AB297DAC5B00428B45 /* house.riv in Resources */,
				800A73C2284D5155000F55AA /* Preview Assets.xcassets in Resources */,
				80A14E01297F04A200FBCD31 /* Inter-SemiBold.ttf in Resources */,
				800130B0297DAC5B00428B45 /* button.riv in Resources */,
				800A73BF284D5155000F55AA /* Assets.xcassets in Resources */,
				801416CC295F814A001D1906 /* Storyboard.storyboard in Resources */,
				80A14E00297F04A200FBCD31 /* Poppins-Bold.ttf in Resources */,
				800130AF297DAC5B00428B45 /* shapes.riv in Resources */,
				80A14DFF297F04A200FBCD31 /* Inter-Regular.ttf in Resources */,
				800130AE297DAC5B00428B45 /* menu_button.riv in Resources */,
				800130AC297DAC5B00428B45 /* confetti.riv in Resources */,
			);
			runOnlyForDeploymentPostprocessing = 0;
		};
		800A73C5284D5155000F55AA /* Resources */ = {
			isa = PBXResourcesBuildPhase;
			buildActionMask = 2147483647;
			files = (
			);
			runOnlyForDeploymentPostprocessing = 0;
		};
		800A73CF284D5155000F55AA /* Resources */ = {
			isa = PBXResourcesBuildPhase;
			buildActionMask = 2147483647;
			files = (
			);
			runOnlyForDeploymentPostprocessing = 0;
		};
/* End PBXResourcesBuildPhase section */

/* Begin PBXSourcesBuildPhase section */
		800A73B3284D5153000F55AA /* Sources */ = {
			isa = PBXSourcesBuildPhase;
			buildActionMask = 2147483647;
			files = (
				800986EB2978608600C82062 /* CodeDesign.swift in Sources */,
				80F1B096297ADBEC00E19297 /* MenuView.swift in Sources */,
				80F1B092297AA3A600E19297 /* NavigationStackView.swift in Sources */,
				800A73BD284D5153000F55AA /* ContentView.swift in Sources */,
				801416E92960B2B1001D1906 /* NavigationItemForDynamicList.swift in Sources */,
				80A14E04297F078A00FBCD31 /* CustomFont.swift in Sources */,
				800986E929782FFA00C82062 /* MainRootNavigationView.swift in Sources */,
				80F1B094297AD8B300E19297 /* MessageView.swift in Sources */,
				80A14E08297F13FA00FBCD31 /* CustomTextField.swift in Sources */,
				800A73BB284D5153000F55AA /* TestAppiOSApp.swift in Sources */,
				80A14E06297F0DC800FBCD31 /* SignInView.swift in Sources */,
				800130B3297DAD8100428B45 /* onBoarding.swift in Sources */,
			);
			runOnlyForDeploymentPostprocessing = 0;
		};
		800A73C3284D5155000F55AA /* Sources */ = {
			isa = PBXSourcesBuildPhase;
			buildActionMask = 2147483647;
			files = (
				800A73CC284D5155000F55AA /* TestAppiOSTests.swift in Sources */,
			);
			runOnlyForDeploymentPostprocessing = 0;
		};
		800A73CD284D5155000F55AA /* Sources */ = {
			isa = PBXSourcesBuildPhase;
			buildActionMask = 2147483647;
			files = (
				800A73D8284D5155000F55AA /* TestAppiOSUITestsLaunchTests.swift in Sources */,
				800A73D6284D5155000F55AA /* TestAppiOSUITests.swift in Sources */,
			);
			runOnlyForDeploymentPostprocessing = 0;
		};
/* End PBXSourcesBuildPhase section */

/* Begin PBXTargetDependency section */
		800A73C9284D5155000F55AA /* PBXTargetDependency */ = {
			isa = PBXTargetDependency;
			target = 800A73B6284D5153000F55AA /* TestAppiOS */;
			targetProxy = 800A73C8284D5155000F55AA /* PBXContainerItemProxy */;
		};
		800A73D3284D5155000F55AA /* PBXTargetDependency */ = {
			isa = PBXTargetDependency;
			target = 800A73B6284D5153000F55AA /* TestAppiOS */;
			targetProxy = 800A73D2284D5155000F55AA /* PBXContainerItemProxy */;
		};
/* End PBXTargetDependency section */

/* Begin XCBuildConfiguration section */
		800A73D9284D5155000F55AA /* Debug */ = {
			isa = XCBuildConfiguration;
			buildSettings = {
				ALWAYS_SEARCH_USER_PATHS = NO;
				CLANG_ANALYZER_NONNULL = YES;
				CLANG_ANALYZER_NUMBER_OBJECT_CONVERSION = YES_AGGRESSIVE;
				CLANG_CXX_LANGUAGE_STANDARD = "gnu++17";
				CLANG_ENABLE_MODULES = YES;
				CLANG_ENABLE_OBJC_ARC = YES;
				CLANG_ENABLE_OBJC_WEAK = YES;
				CLANG_WARN_BLOCK_CAPTURE_AUTORELEASING = YES;
				CLANG_WARN_BOOL_CONVERSION = YES;
				CLANG_WARN_COMMA = YES;
				CLANG_WARN_CONSTANT_CONVERSION = YES;
				CLANG_WARN_DEPRECATED_OBJC_IMPLEMENTATIONS = YES;
				CLANG_WARN_DIRECT_OBJC_ISA_USAGE = YES_ERROR;
				CLANG_WARN_DOCUMENTATION_COMMENTS = YES;
				CLANG_WARN_EMPTY_BODY = YES;
				CLANG_WARN_ENUM_CONVERSION = YES;
				CLANG_WARN_INFINITE_RECURSION = YES;
				CLANG_WARN_INT_CONVERSION = YES;
				CLANG_WARN_NON_LITERAL_NULL_CONVERSION = YES;
				CLANG_WARN_OBJC_IMPLICIT_RETAIN_SELF = YES;
				CLANG_WARN_OBJC_LITERAL_CONVERSION = YES;
				CLANG_WARN_OBJC_ROOT_CLASS = YES_ERROR;
				CLANG_WARN_QUOTED_INCLUDE_IN_FRAMEWORK_HEADER = YES;
				CLANG_WARN_RANGE_LOOP_ANALYSIS = YES;
				CLANG_WARN_STRICT_PROTOTYPES = YES;
				CLANG_WARN_SUSPICIOUS_MOVE = YES;
				CLANG_WARN_UNGUARDED_AVAILABILITY = YES_AGGRESSIVE;
				CLANG_WARN_UNREACHABLE_CODE = YES;
				CLANG_WARN__DUPLICATE_METHOD_MATCH = YES;
				COPY_PHASE_STRIP = NO;
				DEBUG_INFORMATION_FORMAT = dwarf;
				ENABLE_STRICT_OBJC_MSGSEND = YES;
				ENABLE_TESTABILITY = YES;
				GCC_C_LANGUAGE_STANDARD = gnu11;
				GCC_DYNAMIC_NO_PIC = NO;
				GCC_NO_COMMON_BLOCKS = YES;
				GCC_OPTIMIZATION_LEVEL = 0;
				GCC_PREPROCESSOR_DEFINITIONS = (
					"DEBUG=1",
					"$(inherited)",
				);
				GCC_WARN_64_TO_32_BIT_CONVERSION = YES;
				GCC_WARN_ABOUT_RETURN_TYPE = YES_ERROR;
				GCC_WARN_UNDECLARED_SELECTOR = YES;
				GCC_WARN_UNINITIALIZED_AUTOS = YES_AGGRESSIVE;
				GCC_WARN_UNUSED_FUNCTION = YES;
				GCC_WARN_UNUSED_VARIABLE = YES;
				IPHONEOS_DEPLOYMENT_TARGET = 15.5;
				MTL_ENABLE_DEBUG_INFO = INCLUDE_SOURCE;
				MTL_FAST_MATH = YES;
				ONLY_ACTIVE_ARCH = YES;
				SDKROOT = iphoneos;
				SWIFT_ACTIVE_COMPILATION_CONDITIONS = DEBUG;
				SWIFT_OPTIMIZATION_LEVEL = "-Onone";
			};
			name = Debug;
		};
		800A73DA284D5155000F55AA /* Release */ = {
			isa = XCBuildConfiguration;
			buildSettings = {
				ALWAYS_SEARCH_USER_PATHS = NO;
				CLANG_ANALYZER_NONNULL = YES;
				CLANG_ANALYZER_NUMBER_OBJECT_CONVERSION = YES_AGGRESSIVE;
				CLANG_CXX_LANGUAGE_STANDARD = "gnu++17";
				CLANG_ENABLE_MODULES = YES;
				CLANG_ENABLE_OBJC_ARC = YES;
				CLANG_ENABLE_OBJC_WEAK = YES;
				CLANG_WARN_BLOCK_CAPTURE_AUTORELEASING = YES;
				CLANG_WARN_BOOL_CONVERSION = YES;
				CLANG_WARN_COMMA = YES;
				CLANG_WARN_CONSTANT_CONVERSION = YES;
				CLANG_WARN_DEPRECATED_OBJC_IMPLEMENTATIONS = YES;
				CLANG_WARN_DIRECT_OBJC_ISA_USAGE = YES_ERROR;
				CLANG_WARN_DOCUMENTATION_COMMENTS = YES;
				CLANG_WARN_EMPTY_BODY = YES;
				CLANG_WARN_ENUM_CONVERSION = YES;
				CLANG_WARN_INFINITE_RECURSION = YES;
				CLANG_WARN_INT_CONVERSION = YES;
				CLANG_WARN_NON_LITERAL_NULL_CONVERSION = YES;
				CLANG_WARN_OBJC_IMPLICIT_RETAIN_SELF = YES;
				CLANG_WARN_OBJC_LITERAL_CONVERSION = YES;
				CLANG_WARN_OBJC_ROOT_CLASS = YES_ERROR;
				CLANG_WARN_QUOTED_INCLUDE_IN_FRAMEWORK_HEADER = YES;
				CLANG_WARN_RANGE_LOOP_ANALYSIS = YES;
				CLANG_WARN_STRICT_PROTOTYPES = YES;
				CLANG_WARN_SUSPICIOUS_MOVE = YES;
				CLANG_WARN_UNGUARDED_AVAILABILITY = YES_AGGRESSIVE;
				CLANG_WARN_UNREACHABLE_CODE = YES;
				CLANG_WARN__DUPLICATE_METHOD_MATCH = YES;
				COPY_PHASE_STRIP = NO;
				DEBUG_INFORMATION_FORMAT = "dwarf-with-dsym";
				ENABLE_NS_ASSERTIONS = NO;
				ENABLE_STRICT_OBJC_MSGSEND = YES;
				GCC_C_LANGUAGE_STANDARD = gnu11;
				GCC_NO_COMMON_BLOCKS = YES;
				GCC_WARN_64_TO_32_BIT_CONVERSION = YES;
				GCC_WARN_ABOUT_RETURN_TYPE = YES_ERROR;
				GCC_WARN_UNDECLARED_SELECTOR = YES;
				GCC_WARN_UNINITIALIZED_AUTOS = YES_AGGRESSIVE;
				GCC_WARN_UNUSED_FUNCTION = YES;
				GCC_WARN_UNUSED_VARIABLE = YES;
				IPHONEOS_DEPLOYMENT_TARGET = 15.5;
				MTL_ENABLE_DEBUG_INFO = NO;
				MTL_FAST_MATH = YES;
				SDKROOT = iphoneos;
				SWIFT_COMPILATION_MODE = wholemodule;
				SWIFT_OPTIMIZATION_LEVEL = "-O";
				VALIDATE_PRODUCT = YES;
			};
			name = Release;
		};
		800A73DC284D5155000F55AA /* Debug */ = {
			isa = XCBuildConfiguration;
			buildSettings = {
				ASSETCATALOG_COMPILER_APPICON_NAME = AppIcon;
				ASSETCATALOG_COMPILER_GLOBAL_ACCENT_COLOR_NAME = AccentColor;
				CODE_SIGN_STYLE = Automatic;
				CURRENT_PROJECT_VERSION = 1;
				DEVELOPMENT_ASSET_PATHS = "\"TestAppiOS/Preview Content\"";
				DEVELOPMENT_TEAM = AJW8LMFT3K;
				ENABLE_PREVIEWS = YES;
				GENERATE_INFOPLIST_FILE = YES;
				INFOPLIST_FILE = TestAppiOS/Info.plist;
				INFOPLIST_KEY_LSApplicationCategoryType = "";
				INFOPLIST_KEY_UIApplicationSceneManifest_Generation = YES;
				INFOPLIST_KEY_UIApplicationSupportsIndirectInputEvents = YES;
				INFOPLIST_KEY_UILaunchScreen_Generation = YES;
				INFOPLIST_KEY_UISupportedInterfaceOrientations_iPad = "UIInterfaceOrientationPortrait UIInterfaceOrientationPortraitUpsideDown UIInterfaceOrientationLandscapeLeft UIInterfaceOrientationLandscapeRight";
				INFOPLIST_KEY_UISupportedInterfaceOrientations_iPhone = "UIInterfaceOrientationPortrait UIInterfaceOrientationLandscapeLeft UIInterfaceOrientationLandscapeRight";
				IPHONEOS_DEPLOYMENT_TARGET = 16.0;
				LD_RUNPATH_SEARCH_PATHS = (
					"$(inherited)",
					"@executable_path/Frameworks",
				);
				MARKETING_VERSION = 1.0;
				PRODUCT_BUNDLE_IDENTIFIER = com.polich.TestAppiOS;
				PRODUCT_NAME = "$(TARGET_NAME)";
				SWIFT_EMIT_LOC_STRINGS = YES;
				SWIFT_VERSION = 5.0;
				TARGETED_DEVICE_FAMILY = "1,2";
			};
			name = Debug;
		};
		800A73DD284D5155000F55AA /* Release */ = {
			isa = XCBuildConfiguration;
			buildSettings = {
				ASSETCATALOG_COMPILER_APPICON_NAME = AppIcon;
				ASSETCATALOG_COMPILER_GLOBAL_ACCENT_COLOR_NAME = AccentColor;
				CODE_SIGN_STYLE = Automatic;
				CURRENT_PROJECT_VERSION = 1;
				DEVELOPMENT_ASSET_PATHS = "\"TestAppiOS/Preview Content\"";
				DEVELOPMENT_TEAM = AJW8LMFT3K;
				ENABLE_PREVIEWS = YES;
				GENERATE_INFOPLIST_FILE = YES;
				INFOPLIST_FILE = TestAppiOS/Info.plist;
				INFOPLIST_KEY_LSApplicationCategoryType = "";
				INFOPLIST_KEY_UIApplicationSceneManifest_Generation = YES;
				INFOPLIST_KEY_UIApplicationSupportsIndirectInputEvents = YES;
				INFOPLIST_KEY_UILaunchScreen_Generation = YES;
				INFOPLIST_KEY_UISupportedInterfaceOrientations_iPad = "UIInterfaceOrientationPortrait UIInterfaceOrientationPortraitUpsideDown UIInterfaceOrientationLandscapeLeft UIInterfaceOrientationLandscapeRight";
				INFOPLIST_KEY_UISupportedInterfaceOrientations_iPhone = "UIInterfaceOrientationPortrait UIInterfaceOrientationLandscapeLeft UIInterfaceOrientationLandscapeRight";
				IPHONEOS_DEPLOYMENT_TARGET = 16.0;
				LD_RUNPATH_SEARCH_PATHS = (
					"$(inherited)",
					"@executable_path/Frameworks",
				);
				MARKETING_VERSION = 1.0;
				PRODUCT_BUNDLE_IDENTIFIER = com.polich.TestAppiOS;
				PRODUCT_NAME = "$(TARGET_NAME)";
				SWIFT_EMIT_LOC_STRINGS = YES;
				SWIFT_VERSION = 5.0;
				TARGETED_DEVICE_FAMILY = "1,2";
			};
			name = Release;
		};
		800A73DF284D5155000F55AA /* Debug */ = {
			isa = XCBuildConfiguration;
			buildSettings = {
				ALWAYS_EMBED_SWIFT_STANDARD_LIBRARIES = YES;
				BUNDLE_LOADER = "$(TEST_HOST)";
				CODE_SIGN_STYLE = Automatic;
				CURRENT_PROJECT_VERSION = 1;
				DEVELOPMENT_TEAM = AJW8LMFT3K;
				GENERATE_INFOPLIST_FILE = YES;
				IPHONEOS_DEPLOYMENT_TARGET = 15.5;
				MARKETING_VERSION = 1.0;
				PRODUCT_BUNDLE_IDENTIFIER = com.polich.TestAppiOSTests;
				PRODUCT_NAME = "$(TARGET_NAME)";
				SWIFT_EMIT_LOC_STRINGS = NO;
				SWIFT_VERSION = 5.0;
				TARGETED_DEVICE_FAMILY = "1,2";
				TEST_HOST = "$(BUILT_PRODUCTS_DIR)/TestAppiOS.app/TestAppiOS";
			};
			name = Debug;
		};
		800A73E0284D5155000F55AA /* Release */ = {
			isa = XCBuildConfiguration;
			buildSettings = {
				ALWAYS_EMBED_SWIFT_STANDARD_LIBRARIES = YES;
				BUNDLE_LOADER = "$(TEST_HOST)";
				CODE_SIGN_STYLE = Automatic;
				CURRENT_PROJECT_VERSION = 1;
				DEVELOPMENT_TEAM = AJW8LMFT3K;
				GENERATE_INFOPLIST_FILE = YES;
				IPHONEOS_DEPLOYMENT_TARGET = 15.5;
				MARKETING_VERSION = 1.0;
				PRODUCT_BUNDLE_IDENTIFIER = com.polich.TestAppiOSTests;
				PRODUCT_NAME = "$(TARGET_NAME)";
				SWIFT_EMIT_LOC_STRINGS = NO;
				SWIFT_VERSION = 5.0;
				TARGETED_DEVICE_FAMILY = "1,2";
				TEST_HOST = "$(BUILT_PRODUCTS_DIR)/TestAppiOS.app/TestAppiOS";
			};
			name = Release;
		};
		800A73E2284D5155000F55AA /* Debug */ = {
			isa = XCBuildConfiguration;
			buildSettings = {
				ALWAYS_EMBED_SWIFT_STANDARD_LIBRARIES = YES;
				CODE_SIGN_STYLE = Automatic;
				CURRENT_PROJECT_VERSION = 1;
				DEVELOPMENT_TEAM = AJW8LMFT3K;
				GENERATE_INFOPLIST_FILE = YES;
				MARKETING_VERSION = 1.0;
				PRODUCT_BUNDLE_IDENTIFIER = com.polich.TestAppiOSUITests;
				PRODUCT_NAME = "$(TARGET_NAME)";
				SWIFT_EMIT_LOC_STRINGS = NO;
				SWIFT_VERSION = 5.0;
				TARGETED_DEVICE_FAMILY = "1,2";
				TEST_TARGET_NAME = TestAppiOS;
			};
			name = Debug;
		};
		800A73E3284D5155000F55AA /* Release */ = {
			isa = XCBuildConfiguration;
			buildSettings = {
				ALWAYS_EMBED_SWIFT_STANDARD_LIBRARIES = YES;
				CODE_SIGN_STYLE = Automatic;
				CURRENT_PROJECT_VERSION = 1;
				DEVELOPMENT_TEAM = AJW8LMFT3K;
				GENERATE_INFOPLIST_FILE = YES;
				MARKETING_VERSION = 1.0;
				PRODUCT_BUNDLE_IDENTIFIER = com.polich.TestAppiOSUITests;
				PRODUCT_NAME = "$(TARGET_NAME)";
				SWIFT_EMIT_LOC_STRINGS = NO;
				SWIFT_VERSION = 5.0;
				TARGETED_DEVICE_FAMILY = "1,2";
				TEST_TARGET_NAME = TestAppiOS;
			};
			name = Release;
		};
/* End XCBuildConfiguration section */

/* Begin XCConfigurationList section */
		800A73B2284D5153000F55AA /* Build configuration list for PBXProject "TestAppiOS" */ = {
			isa = XCConfigurationList;
			buildConfigurations = (
				800A73D9284D5155000F55AA /* Debug */,
				800A73DA284D5155000F55AA /* Release */,
			);
			defaultConfigurationIsVisible = 0;
			defaultConfigurationName = Release;
		};
		800A73DB284D5155000F55AA /* Build configuration list for PBXNativeTarget "TestAppiOS" */ = {
			isa = XCConfigurationList;
			buildConfigurations = (
				800A73DC284D5155000F55AA /* Debug */,
				800A73DD284D5155000F55AA /* Release */,
			);
			defaultConfigurationIsVisible = 0;
			defaultConfigurationName = Release;
		};
		800A73DE284D5155000F55AA /* Build configuration list for PBXNativeTarget "TestAppiOSTests" */ = {
			isa = XCConfigurationList;
			buildConfigurations = (
				800A73DF284D5155000F55AA /* Debug */,
				800A73E0284D5155000F55AA /* Release */,
			);
			defaultConfigurationIsVisible = 0;
			defaultConfigurationName = Release;
		};
		800A73E1284D5155000F55AA /* Build configuration list for PBXNativeTarget "TestAppiOSUITests" */ = {
			isa = XCConfigurationList;
			buildConfigurations = (
				800A73E2284D5155000F55AA /* Debug */,
				800A73E3284D5155000F55AA /* Release */,
			);
			defaultConfigurationIsVisible = 0;
			defaultConfigurationName = Release;
		};
/* End XCConfigurationList section */

/* Begin XCRemoteSwiftPackageReference section */
		800130B4297DAFF500428B45 /* XCRemoteSwiftPackageReference "rive-ios" */ = {
			isa = XCRemoteSwiftPackageReference;
			repositoryURL = "https://github.com/rive-app/rive-ios";
			requirement = {
				kind = upToNextMajorVersion;
				minimumVersion = 3.0.0;
			};
		};
/* End XCRemoteSwiftPackageReference section */

/* Begin XCSwiftPackageProductDependency section */
		800130B5297DAFF500428B45 /* RiveRuntime */ = {
			isa = XCSwiftPackageProductDependency;
			package = 800130B4297DAFF500428B45 /* XCRemoteSwiftPackageReference "rive-ios" */;
			productName = RiveRuntime;
		};
/* End XCSwiftPackageProductDependency section */
	};
	rootObject = 800A73AF284D5153000F55AA /* Project object */;
}
